
Microsoft Visual Studio Solution File, Format Version 12.00
# Visual Studio 15
VisualStudioVersion = 15.0.27703.2026
MinimumVisualStudioVersion = 10.0.40219.1
Project("{FAE04EC0-301F-11D3-BF4B-00C04F79EFBC}") = "EmailShooter", "EmailShooter\EmailShooter.csproj", "{08782AD4-1023-4D84-8175-348B7B71929C}"
EndProject
Global
	GlobalSection(SolutionConfigurationPlatforms) = preSolution
		Debug|Any CPU = Debug|Any CPU
		Release|Any CPU = Release|Any CPU
	EndGlobalSection
	GlobalSection(ProjectConfigurationPlatforms) = postSolution
		{08782AD4-1023-4D84-8175-348B7B71929C}.Debug|Any CPU.ActiveCfg = Debug|Any CPU
		{08782AD4-1023-4D84-8175-348B7B71929C}.Debug|Any CPU.Build.0 = Debug|Any CPU
		{08782AD4-1023-4D84-8175-348B7B71929C}.Release|Any CPU.ActiveCfg = Release|Any CPU
		{08782AD4-1023-4D84-8175-348B7B71929C}.Release|Any CPU.Build.0 = Release|Any CPU
	EndGlobalSection
	GlobalSection(SolutionProperties) = preSolution
		HideSolutionNode = FALSE
	EndGlobalSection
	GlobalSection(ExtensibilityGlobals) = postSolution
		SolutionGuid = {151C16B3-FE50-478B-B7F7-5BF255FDB5BC}
	EndGlobalSection
EndGlobal
